
Microsoft Visual Studio Solution File, Format Version 12.00
# Visual Studio Version 17
VisualStudioVersion = 17.0.31903.59
MinimumVisualStudioVersion = 10.0.40219.1
Project("{9A19103F-16F7-4668-BE54-9A1E7A4F7556}") = "IWork.API", "IWork.API\IWork.API.csproj", "{79DB5E12-3B43-4EF5-9C02-C3648153B7A7}"
EndProject
Project("{9A19103F-16F7-4668-BE54-9A1E7A4F7556}") = "IWork.Domain", "IWork.Domain\IWork.Domain.csproj", "{94A5AA35-8C10-4984-8175-6EDD8F4D7C9D}"
EndProject
Project("{9A19103F-16F7-4668-BE54-9A1E7A4F7556}") = "IWork.Service", "IWork.Service\IWork.Service.csproj", "{CE1FE6A3-D709-4B01-BE09-F540016D3C4B}"
EndProject
Project("{9A19103F-16F7-4668-BE54-9A1E7A4F7556}") = "IWork.Data", "IWork.Data\IWork.Data.csproj", "{2A6FDFCB-DC55-417A-AE92-FC51C7F542F4}"
EndProject
Project("{FAE04EC0-301F-11D3-BF4B-00C04F79EFBC}") = "IWork.Domain.Tests", "IWork.Domain.Tests\IWork.Domain.Tests.csproj", "{D03C2F9D-CBCE-4EE6-ACA0-CFF5F71BAEF3}"
EndProject
Global
	GlobalSection(SolutionConfigurationPlatforms) = preSolution
		Debug|Any CPU = Debug|Any CPU
		Release|Any CPU = Release|Any CPU
	EndGlobalSection
	GlobalSection(ProjectConfigurationPlatforms) = postSolution
		{79DB5E12-3B43-4EF5-9C02-C3648153B7A7}.Debug|Any CPU.ActiveCfg = Debug|Any CPU
		{79DB5E12-3B43-4EF5-9C02-C3648153B7A7}.Debug|Any CPU.Build.0 = Debug|Any CPU
		{79DB5E12-3B43-4EF5-9C02-C3648153B7A7}.Release|Any CPU.ActiveCfg = Release|Any CPU
		{79DB5E12-3B43-4EF5-9C02-C3648153B7A7}.Release|Any CPU.Build.0 = Release|Any CPU
		{94A5AA35-8C10-4984-8175-6EDD8F4D7C9D}.Debug|Any CPU.ActiveCfg = Debug|Any CPU
		{94A5AA35-8C10-4984-8175-6EDD8F4D7C9D}.Debug|Any CPU.Build.0 = Debug|Any CPU
		{94A5AA35-8C10-4984-8175-6EDD8F4D7C9D}.Release|Any CPU.ActiveCfg = Release|Any CPU
		{94A5AA35-8C10-4984-8175-6EDD8F4D7C9D}.Release|Any CPU.Build.0 = Release|Any CPU
		{CE1FE6A3-D709-4B01-BE09-F540016D3C4B}.Debug|Any CPU.ActiveCfg = Debug|Any CPU
		{CE1FE6A3-D709-4B01-BE09-F540016D3C4B}.Debug|Any CPU.Build.0 = Debug|Any CPU
		{CE1FE6A3-D709-4B01-BE09-F540016D3C4B}.Release|Any CPU.ActiveCfg = Release|Any CPU
		{CE1FE6A3-D709-4B01-BE09-F540016D3C4B}.Release|Any CPU.Build.0 = Release|Any CPU
		{2A6FDFCB-DC55-417A-AE92-FC51C7F542F4}.Debug|Any CPU.ActiveCfg = Debug|Any CPU
		{2A6FDFCB-DC55-417A-AE92-FC51C7F542F4}.Debug|Any CPU.Build.0 = Debug|Any CPU
		{2A6FDFCB-DC55-417A-AE92-FC51C7F542F4}.Release|Any CPU.ActiveCfg = Release|Any CPU
		{2A6FDFCB-DC55-417A-AE92-FC51C7F542F4}.Release|Any CPU.Build.0 = Release|Any CPU
		{D03C2F9D-CBCE-4EE6-ACA0-CFF5F71BAEF3}.Debug|Any CPU.ActiveCfg = Debug|Any CPU
		{D03C2F9D-CBCE-4EE6-ACA0-CFF5F71BAEF3}.Debug|Any CPU.Build.0 = Debug|Any CPU
		{D03C2F9D-CBCE-4EE6-ACA0-CFF5F71BAEF3}.Release|Any CPU.ActiveCfg = Release|Any CPU
		{D03C2F9D-CBCE-4EE6-ACA0-CFF5F71BAEF3}.Release|Any CPU.Build.0 = Release|Any CPU
	EndGlobalSection
	GlobalSection(SolutionProperties) = preSolution
		HideSolutionNode = FALSE
	EndGlobalSection
	GlobalSection(ExtensibilityGlobals) = postSolution
		SolutionGuid = {72123633-3A64-41B4-AA54-CE444D54E438}
	EndGlobalSection
EndGlobal
